PODS:
  - butane_core_bluetooth (0.0.1):
    - Flutter
    - FlutterMacOS
  - FlutterMacOS (1.0.0)

DEPENDENCIES:
  - butane_core_bluetooth (from `Flutter/ephemeral/.symlinks/plugins/butane_core_bluetooth/darwin`)
  - FlutterMacOS (from `Flutter/ephemeral`)

EXTERNAL SOURCES:
  butane_core_bluetooth:
    :path: Flutter/ephemeral/.symlinks/plugins/butane_core_bluetooth/darwin
  FlutterMacOS:
    :path: Flutter/ephemeral

SPEC CHECKSUMS:
  butane_core_bluetooth: db8ec8d6749033c6ef302c3170d4e0626875fd45
  FlutterMacOS: 8f6f14fa908a6fb3fba0cd85dbd81ec4b251fb24

PODFILE CHECKSUM: 236401fc2c932af29a9fcf0e97baeeb2d750d367

COCOAPODS: 1.14.3
