PODS:
  - butane_core_bluetooth (0.0.1):
    - Flutter
    - FlutterMacOS
  - FlutterMacOS (1.0.0)

DEPENDENCIES:
  - butane_core_bluetooth (from `Flutter/ephemeral/.symlinks/plugins/butane_core_bluetooth/darwin`)
  - FlutterMacOS (from `Flutter/ephemeral`)

EXTERNAL SOURCES:
  butane_core_bluetooth:
    :path: Flutter/ephemeral/.symlinks/plugins/butane_core_bluetooth/darwin
  FlutterMacOS:
    :path: Flutter/ephemeral

SPEC CHECKSUMS:
  butane_core_bluetooth: d78558b04da4276c4e1574f63402d4405e893b9b
  FlutterMacOS: 8f6f14fa908a6fb3fba0cd85dbd81ec4b251fb24

PODFILE CHECKSUM: 9ebaf0ce3d369aaa26a9ea0e159195ed94724cf3

COCOAPODS: 1.14.3
